lockfileVersion: 5.4

settings:
  autoInstallPeers: true
  excludeLinksFromLockfile: false

packages:
  '.':
    dependencies:
      next:
        specifier: latest
        version: 14.1.0
      react:
        specifier: latest
        version: 18.2.0
      react-dom:
        specifier: latest
        version: 18.2.0